// !$*UTF8*$!
{
	archiveVersion = 1;
	classes = {
	};
	objectVersion = 48;
	objects = {

/* Begin PBXBuildFile section */
		2238F2091FAAE10600AE9169 /* AppDelegate.swift in Sources */ = {isa = PBXBuildFile; fileRef = 2238F2081FAAE10600AE9169 /* AppDelegate.swift */; };
		2238F20B1FAAE10600AE9169 /* CategoriesVC.swift in Sources */ = {isa = PBXBuildFile; fileRef = 2238F20A1FAAE10600AE9169 /* CategoriesVC.swift */; };
		2238F20E1FAAE10600AE9169 /* Main.storyboard in Resources */ = {isa = PBXBuildFile; fileRef = 2238F20C1FAAE10600AE9169 /* Main.storyboard */; };
		2238F2101FAAE10600AE9169 /* Assets.xcassets in Resources */ = {isa = PBXBuildFile; fileRef = 2238F20F1FAAE10600AE9169 /* Assets.xcassets */; };
		2238F2131FAAE10600AE9169 /* LaunchScreen.storyboard in Resources */ = {isa = PBXBuildFile; fileRef = 2238F2111FAAE10600AE9169 /* LaunchScreen.storyboard */; };
		2238F21E1FAAE70500AE9169 /* CategoryCell.swift in Sources */ = {isa = PBXBuildFile; fileRef = 2238F21D1FAAE70500AE9169 /* CategoryCell.swift */; };
		2238F2201FAAE98C00AE9169 /* Category.swift in Sources */ = {isa = PBXBuildFile; fileRef = 2238F21F1FAAE98C00AE9169 /* Category.swift */; };
		2238F2231FAAEB0C00AE9169 /* DataService.swift in Sources */ = {isa = PBXBuildFile; fileRef = 2238F2221FAAEB0C00AE9169 /* DataService.swift */; };
		2238F2251FAC27FF00AE9169 /* ProductCell.swift in Sources */ = {isa = PBXBuildFile; fileRef = 2238F2241FAC27FF00AE9169 /* ProductCell.swift */; };
		2238F2271FAC2C9A00AE9169 /* Product.swift in Sources */ = {isa = PBXBuildFile; fileRef = 2238F2261FAC2C9A00AE9169 /* Product.swift */; };
		2238F2291FAC302C00AE9169 /* ProductsVC.swift in Sources */ = {isa = PBXBuildFile; fileRef = 2238F2281FAC302C00AE9169 /* ProductsVC.swift */; };
/* End PBXBuildFile section */

/* Begin PBXFileReference section */
		2238F2051FAAE10600AE9169 /* coder-swag.app */ = {isa = PBXFileReference; explicitFileType = wrapper.application; includeInIndex = 0; path = "coder-swag.app"; sourceTree = BUILT_PRODUCTS_DIR; };
		2238F2081FAAE10600AE9169 /* AppDelegate.swift */ = {isa = PBXFileReference; lastKnownFileType = sourcecode.swift; path = AppDelegate.swift; sourceTree = "<group>"; };
		2238F20A1FAAE10600AE9169 /* CategoriesVC.swift */ = {isa = PBXFileReference; lastKnownFileType = sourcecode.swift; path = CategoriesVC.swift; sourceTree = "<group>"; };
		2238F20D1FAAE10600AE9169 /* Base */ = {isa = PBXFileReference; lastKnownFileType = file.storyboard; name = Base; path = Base.lproj/Main.storyboard; sourceTree = "<group>"; };
		2238F20F1FAAE10600AE9169 /* Assets.xcassets */ = {isa = PBXFileReference; lastKnownFileType = folder.assetcatalog; path = Assets.xcassets; sourceTree = "<group>"; };
		2238F2121FAAE10600AE9169 /* Base */ = {isa = PBXFileReference; lastKnownFileType = file.storyboard; name = Base; path = Base.lproj/LaunchScreen.storyboard; sourceTree = "<group>"; };
		2238F2141FAAE10600AE9169 /* Info.plist */ = {isa = PBXFileReference; lastKnownFileType = text.plist.xml; path = Info.plist; sourceTree = "<group>"; };
		2238F21D1FAAE70500AE9169 /* CategoryCell.swift */ = {isa = PBXFileReference; lastKnownFileType = sourcecode.swift; path = CategoryCell.swift; sourceTree = "<group>"; };
		2238F21F1FAAE98C00AE9169 /* Category.swift */ = {isa = PBXFileReference; lastKnownFileType = sourcecode.swift; path = Category.swift; sourceTree = "<group>"; };
		2238F2221FAAEB0C00AE9169 /* DataService.swift */ = {isa = PBXFileReference; lastKnownFileType = sourcecode.swift; path = DataService.swift; sourceTree = "<group>"; };
		2238F2241FAC27FF00AE9169 /* ProductCell.swift */ = {isa = PBXFileReference; lastKnownFileType = sourcecode.swift; path = ProductCell.swift; sourceTree = "<group>"; };
		2238F2261FAC2C9A00AE9169 /* Product.swift */ = {isa = PBXFileReference; lastKnownFileType = sourcecode.swift; path = Product.swift; sourceTree = "<group>"; };
		2238F2281FAC302C00AE9169 /* ProductsVC.swift */ = {isa = PBXFileReference; lastKnownFileType = sourcecode.swift; path = ProductsVC.swift; sourceTree = "<group>"; };
/* End PBXFileReference section */

/* Begin PBXFrameworksBuildPhase section */
		2238F2021FAAE10600AE9169 /* Frameworks */ = {
			isa = PBXFrameworksBuildPhase;
			buildActionMask = 2147483647;
			files = (
			);
			runOnlyForDeploymentPostprocessing = 0;
		};
/* End PBXFrameworksBuildPhase section */

/* Begin PBXGroup section */
		2238F1FC1FAAE10600AE9169 = {
			isa = PBXGroup;
			children = (
				2238F2071FAAE10600AE9169 /* coder-swag */,
				2238F2061FAAE10600AE9169 /* Products */,
			);
			sourceTree = "<group>";
		};
		2238F2061FAAE10600AE9169 /* Products */ = {
			isa = PBXGroup;
			children = (
				2238F2051FAAE10600AE9169 /* coder-swag.app */,
			);
			name = Products;
			sourceTree = "<group>";
		};
		2238F2071FAAE10600AE9169 /* coder-swag */ = {
			isa = PBXGroup;
			children = (
				2238F2211FAAEAFE00AE9169 /* Services */,
				2238F21C1FAAE68D00AE9169 /* View */,
				2238F21B1FAAE68400AE9169 /* Model */,
				2238F21A1FAAE67300AE9169 /* Controller */,
				2238F2081FAAE10600AE9169 /* AppDelegate.swift */,
				2238F20C1FAAE10600AE9169 /* Main.storyboard */,
				2238F20F1FAAE10600AE9169 /* Assets.xcassets */,
				2238F2111FAAE10600AE9169 /* LaunchScreen.storyboard */,
				2238F2141FAAE10600AE9169 /* Info.plist */,
			);
			path = "coder-swag";
			sourceTree = "<group>";
		};
		2238F21A1FAAE67300AE9169 /* Controller */ = {
			isa = PBXGroup;
			children = (
				2238F20A1FAAE10600AE9169 /* CategoriesVC.swift */,
				2238F2281FAC302C00AE9169 /* ProductsVC.swift */,
			);
			path = Controller;
			sourceTree = "<group>";
		};
		2238F21B1FAAE68400AE9169 /* Model */ = {
			isa = PBXGroup;
			children = (
				2238F21F1FAAE98C00AE9169 /* Category.swift */,
				2238F2261FAC2C9A00AE9169 /* Product.swift */,
			);
			path = Model;
			sourceTree = "<group>";
		};
		2238F21C1FAAE68D00AE9169 /* View */ = {
			isa = PBXGroup;
			children = (
				2238F21D1FAAE70500AE9169 /* CategoryCell.swift */,
				2238F2241FAC27FF00AE9169 /* ProductCell.swift */,
			);
			path = View;
			sourceTree = "<group>";
		};
		2238F2211FAAEAFE00AE9169 /* Services */ = {
			isa = PBXGroup;
			children = (
				2238F2221FAAEB0C00AE9169 /* DataService.swift */,
			);
			path = Services;
			sourceTree = "<group>";
		};
/* End PBXGroup section */

/* Begin PBXNativeTarget section */
		2238F2041FAAE10600AE9169 /* coder-swag */ = {
			isa = PBXNativeTarget;
			buildConfigurationList = 2238F2171FAAE10600AE9169 /* Build configuration list for PBXNativeTarget "coder-swag" */;
			buildPhases = (
				2238F2011FAAE10600AE9169 /* Sources */,
				2238F2021FAAE10600AE9169 /* Frameworks */,
				2238F2031FAAE10600AE9169 /* Resources */,
			);
			buildRules = (
			);
			dependencies = (
			);
			name = "coder-swag";
			productName = "coder-swag";
			productReference = 2238F2051FAAE10600AE9169 /* coder-swag.app */;
			productType = "com.apple.product-type.application";
		};
/* End PBXNativeTarget section */

/* Begin PBXProject section */
		2238F1FD1FAAE10600AE9169 /* Project object */ = {
			isa = PBXProject;
			attributes = {
				LastSwiftUpdateCheck = 0900;
				LastUpgradeCheck = 0900;
				ORGANIZATIONNAME = "Weixiang Zhang";
				TargetAttributes = {
					2238F2041FAAE10600AE9169 = {
						CreatedOnToolsVersion = 9.0;
						ProvisioningStyle = Automatic;
					};
				};
			};
			buildConfigurationList = 2238F2001FAAE10600AE9169 /* Build configuration list for PBXProject "coder-swag" */;
			compatibilityVersion = "Xcode 8.0";
			developmentRegion = en;
			hasScannedForEncodings = 0;
			knownRegions = (
				en,
				Base,
			);
			mainGroup = 2238F1FC1FAAE10600AE9169;
			productRefGroup = 2238F2061FAAE10600AE9169 /* Products */;
			projectDirPath = "";
			projectRoot = "";
			targets = (
				2238F2041FAAE10600AE9169 /* coder-swag */,
			);
		};
/* End PBXProject section */

/* Begin PBXResourcesBuildPhase section */
		2238F2031FAAE10600AE9169 /* Resources */ = {
			isa = PBXResourcesBuildPhase;
			buildActionMask = 2147483647;
			files = (
				2238F2131FAAE10600AE9169 /* LaunchScreen.storyboard in Resources */,
				2238F2101FAAE10600AE9169 /* Assets.xcassets in Resources */,
				2238F20E1FAAE10600AE9169 /* Main.storyboard in Resources */,
			);
			runOnlyForDeploymentPostprocessing = 0;
		};
/* End PBXResourcesBuildPhase section */

/* Begin PBXSourcesBuildPhase section */
		2238F2011FAAE10600AE9169 /* Sources */ = {
			isa = PBXSourcesBuildPhase;
			buildActionMask = 2147483647;
			files = (
				2238F2291FAC302C00AE9169 /* ProductsVC.swift in Sources */,
				2238F20B1FAAE10600AE9169 /* CategoriesVC.swift in Sources */,
				2238F2091FAAE10600AE9169 /* AppDelegate.swift in Sources */,
				2238F21E1FAAE70500AE9169 /* CategoryCell.swift in Sources */,
				2238F2251FAC27FF00AE9169 /* ProductCell.swift in Sources */,
				2238F2201FAAE98C00AE9169 /* Category.swift in Sources */,
				2238F2231FAAEB0C00AE9169 /* DataService.swift in Sources */,
				2238F2271FAC2C9A00AE9169 /* Product.swift in Sources */,
			);
			runOnlyForDeploymentPostprocessing = 0;
		};
/* End PBXSourcesBuildPhase section */

/* Begin PBXVariantGroup section */
		2238F20C1FAAE10600AE9169 /* Main.storyboard */ = {
			isa = PBXVariantGroup;
			children = (
				2238F20D1FAAE10600AE9169 /* Base */,
			);
			name = Main.storyboard;
			sourceTree = "<group>";
		};
		2238F2111FAAE10600AE9169 /* LaunchScreen.storyboard */ = {
			isa = PBXVariantGroup;
			children = (
				2238F2121FAAE10600AE9169 /* Base */,
			);
			name = LaunchScreen.storyboard;
			sourceTree = "<group>";
		};
/* End PBXVariantGroup section */

/* Begin XCBuildConfiguration section */
		2238F2151FAAE10600AE9169 /* Debug */ = {
			isa = XCBuildConfiguration;
			buildSettings = {
				ALWAYS_SEARCH_USER_PATHS = NO;
				CLANG_ANALYZER_NONNULL = YES;
				CLANG_ANALYZER_NUMBER_OBJECT_CONVERSION = YES_AGGRESSIVE;
				CLANG_CXX_LANGUAGE_STANDARD = "gnu++14";
				CLANG_CXX_LIBRARY = "libc++";
				CLANG_ENABLE_MODULES = YES;
				CLANG_ENABLE_OBJC_ARC = YES;
				CLANG_WARN_BLOCK_CAPTURE_AUTORELEASING = YES;
				CLANG_WARN_BOOL_CONVERSION = YES;
				CLANG_WARN_COMMA = YES;
				CLANG_WARN_CONSTANT_CONVERSION = YES;
				CLANG_WARN_DIRECT_OBJC_ISA_USAGE = YES_ERROR;
				CLANG_WARN_DOCUMENTATION_COMMENTS = YES;
				CLANG_WARN_EMPTY_BODY = YES;
				CLANG_WARN_ENUM_CONVERSION = YES;
				CLANG_WARN_INFINITE_RECURSION = YES;
				CLANG_WARN_INT_CONVERSION = YES;
				CLANG_WARN_NON_LITERAL_NULL_CONVERSION = YES;
				CLANG_WARN_OBJC_LITERAL_CONVERSION = YES;
				CLANG_WARN_OBJC_ROOT_CLASS = YES_ERROR;
				CLANG_WARN_RANGE_LOOP_ANALYSIS = YES;
				CLANG_WARN_STRICT_PROTOTYPES = YES;
				CLANG_WARN_SUSPICIOUS_MOVE = YES;
				CLANG_WARN_UNGUARDED_AVAILABILITY = YES_AGGRESSIVE;
				CLANG_WARN_UNREACHABLE_CODE = YES;
				CLANG_WARN__DUPLICATE_METHOD_MATCH = YES;
				CODE_SIGN_IDENTITY = "iPhone Developer";
				COPY_PHASE_STRIP = NO;
				DEBUG_INFORMATION_FORMAT = dwarf;
				ENABLE_STRICT_OBJC_MSGSEND = YES;
				ENABLE_TESTABILITY = YES;
				GCC_C_LANGUAGE_STANDARD = gnu11;
				GCC_DYNAMIC_NO_PIC = NO;
				GCC_NO_COMMON_BLOCKS = YES;
				GCC_OPTIMIZATION_LEVEL = 0;
				GCC_PREPROCESSOR_DEFINITIONS = (
					"DEBUG=1",
					"$(inherited)",
				);
				GCC_WARN_64_TO_32_BIT_CONVERSION = YES;
				GCC_WARN_ABOUT_RETURN_TYPE = YES_ERROR;
				GCC_WARN_UNDECLARED_SELECTOR = YES;
				GCC_WARN_UNINITIALIZED_AUTOS = YES_AGGRESSIVE;
				GCC_WARN_UNUSED_FUNCTION = YES;
				GCC_WARN_UNUSED_VARIABLE = YES;
				IPHONEOS_DEPLOYMENT_TARGET = 11.0;
				MTL_ENABLE_DEBUG_INFO = YES;
				ONLY_ACTIVE_ARCH = YES;
				SDKROOT = iphoneos;
				SWIFT_ACTIVE_COMPILATION_CONDITIONS = DEBUG;
				SWIFT_OPTIMIZATION_LEVEL = "-Onone";
			};
			name = Debug;
		};
		2238F2161FAAE10600AE9169 /* Release */ = {
			isa = XCBuildConfiguration;
			buildSettings = {
				ALWAYS_SEARCH_USER_PATHS = NO;
				CLANG_ANALYZER_NONNULL = YES;
				CLANG_ANALYZER_NUMBER_OBJECT_CONVERSION = YES_AGGRESSIVE;
				CLANG_CXX_LANGUAGE_STANDARD = "gnu++14";
				CLANG_CXX_LIBRARY = "libc++";
				CLANG_ENABLE_MODULES = YES;
				CLANG_ENABLE_OBJC_ARC = YES;
				CLANG_WARN_BLOCK_CAPTURE_AUTORELEASING = YES;
				CLANG_WARN_BOOL_CONVERSION = YES;
				CLANG_WARN_COMMA = YES;
				CLANG_WARN_CONSTANT_CONVERSION = YES;
				CLANG_WARN_DIRECT_OBJC_ISA_USAGE = YES_ERROR;
				CLANG_WARN_DOCUMENTATION_COMMENTS = YES;
				CLANG_WARN_EMPTY_BODY = YES;
				CLANG_WARN_ENUM_CONVERSION = YES;
				CLANG_WARN_INFINITE_RECURSION = YES;
				CLANG_WARN_INT_CONVERSION = YES;
				CLANG_WARN_NON_LITERAL_NULL_CONVERSION = YES;
				CLANG_WARN_OBJC_LITERAL_CONVERSION = YES;
				CLANG_WARN_OBJC_ROOT_CLASS = YES_ERROR;
				CLANG_WARN_RANGE_LOOP_ANALYSIS = YES;
				CLANG_WARN_STRICT_PROTOTYPES = YES;
				CLANG_WARN_SUSPICIOUS_MOVE = YES;
				CLANG_WARN_UNGUARDED_AVAILABILITY = YES_AGGRESSIVE;
				CLANG_WARN_UNREACHABLE_CODE = YES;
				CLANG_WARN__DUPLICATE_METHOD_MATCH = YES;
				CODE_SIGN_IDENTITY = "iPhone Developer";
				COPY_PHASE_STRIP = NO;
				DEBUG_INFORMATION_FORMAT = "dwarf-with-dsym";
				ENABLE_NS_ASSERTIONS = NO;
				ENABLE_STRICT_OBJC_MSGSEND = YES;
				GCC_C_LANGUAGE_STANDARD = gnu11;
				GCC_NO_COMMON_BLOCKS = YES;
				GCC_WARN_64_TO_32_BIT_CONVERSION = YES;
				GCC_WARN_ABOUT_RETURN_TYPE = YES_ERROR;
				GCC_WARN_UNDECLARED_SELECTOR = YES;
				GCC_WARN_UNINITIALIZED_AUTOS = YES_AGGRESSIVE;
				GCC_WARN_UNUSED_FUNCTION = YES;
				GCC_WARN_UNUSED_VARIABLE = YES;
				IPHONEOS_DEPLOYMENT_TARGET = 11.0;
				MTL_ENABLE_DEBUG_INFO = NO;
				SDKROOT = iphoneos;
				SWIFT_OPTIMIZATION_LEVEL = "-Owholemodule";
				VALIDATE_PRODUCT = YES;
			};
			name = Release;
		};
		2238F2181FAAE10600AE9169 /* Debug */ = {
			isa = XCBuildConfiguration;
			buildSettings = {
				ASSETCATALOG_COMPILER_APPICON_NAME = AppIcon;
				CODE_SIGN_STYLE = Automatic;
				INFOPLIST_FILE = "coder-swag/Info.plist";
				LD_RUNPATH_SEARCH_PATHS = "$(inherited) @executable_path/Frameworks";
				PRODUCT_BUNDLE_IDENTIFIER = "com.sam456852.coder-swag";
				PRODUCT_NAME = "$(TARGET_NAME)";
				SWIFT_VERSION = 4.0;
				TARGETED_DEVICE_FAMILY = "1,2";
			};
			name = Debug;
		};
		2238F2191FAAE10600AE9169 /* Release */ = {
			isa = XCBuildConfiguration;
			buildSettings = {
				ASSETCATALOG_COMPILER_APPICON_NAME = AppIcon;
				CODE_SIGN_STYLE = Automatic;
				INFOPLIST_FILE = "coder-swag/Info.plist";
				LD_RUNPATH_SEARCH_PATHS = "$(inherited) @executable_path/Frameworks";
				PRODUCT_BUNDLE_IDENTIFIER = "com.sam456852.coder-swag";
				PRODUCT_NAME = "$(TARGET_NAME)";
				SWIFT_VERSION = 4.0;
				TARGETED_DEVICE_FAMILY = "1,2";
			};
			name = Release;
		};
/* End XCBuildConfiguration section */

/* Begin XCConfigurationList section */
		2238F2001FAAE10600AE9169 /* Build configuration list for PBXProject "coder-swag" */ = {
			isa = XCConfigurationList;
			buildConfigurations = (
				2238F2151FAAE10600AE9169 /* Debug */,
				2238F2161FAAE10600AE9169 /* Release */,
			);
			defaultConfigurationIsVisible = 0;
			defaultConfigurationName = Release;
		};
		2238F2171FAAE10600AE9169 /* Build configuration list for PBXNativeTarget "coder-swag" */ = {
			isa = XCConfigurationList;
			buildConfigurations = (
				2238F2181FAAE10600AE9169 /* Debug */,
				2238F2191FAAE10600AE9169 /* Release */,
			);
			defaultConfigurationIsVisible = 0;
			defaultConfigurationName = Release;
		};
/* End XCConfigurationList section */
	};
	rootObject = 2238F1FD1FAAE10600AE9169 /* Project object */;
}
